// !$*UTF8*$!
{
	archiveVersion = 1;
	classes = {
	};
	objectVersion = 56;
	objects = {

/* Begin PBXBuildFile section */
		5727010E2C151FC100F345E4 /* LandmarksApp.swift in Sources */ = {isa = PBXBuildFile; fileRef = 5727010D2C151FC100F345E4 /* LandmarksApp.swift */; };
		572701102C151FC100F345E4 /* ContentView.swift in Sources */ = {isa = PBXBuildFile; fileRef = 5727010F2C151FC100F345E4 /* ContentView.swift */; };
		572701122C151FC200F345E4 /* Assets.xcassets in Resources */ = {isa = PBXBuildFile; fileRef = 572701112C151FC200F345E4 /* Assets.xcassets */; };
		572701152C151FC200F345E4 /* Preview Assets.xcassets in Resources */ = {isa = PBXBuildFile; fileRef = 572701142C151FC200F345E4 /* Preview Assets.xcassets */; };
		5727011F2C151FF700F345E4 /* landmarkData.json in Resources */ = {isa = PBXBuildFile; fileRef = 5727011E2C151FF700F345E4 /* landmarkData.json */; };
		572701212C15202100F345E4 /* CircleImage.swift in Sources */ = {isa = PBXBuildFile; fileRef = 572701202C15202100F345E4 /* CircleImage.swift */; };
		572701252C15204A00F345E4 /* MapView.swift in Sources */ = {isa = PBXBuildFile; fileRef = 572701242C15204A00F345E4 /* MapView.swift */; };
		572701272C15234D00F345E4 /* ModelData.swift in Sources */ = {isa = PBXBuildFile; fileRef = 572701262C15234D00F345E4 /* ModelData.swift */; };
		572701292C15259A00F345E4 /* Landmark.swift in Sources */ = {isa = PBXBuildFile; fileRef = 572701282C15259A00F345E4 /* Landmark.swift */; };
		5743B0762C335E57004C38C6 /* CategoryHome.swift in Sources */ = {isa = PBXBuildFile; fileRef = 5743B0752C335E57004C38C6 /* CategoryHome.swift */; };
		5743B0782C336533004C38C6 /* CategoryRow.swift in Sources */ = {isa = PBXBuildFile; fileRef = 5743B0772C336533004C38C6 /* CategoryRow.swift */; };
		5743B07A2C336E36004C38C6 /* CategoryItem.swift in Sources */ = {isa = PBXBuildFile; fileRef = 5743B0792C336E36004C38C6 /* CategoryItem.swift */; };
		57694CC52C2CD08900E683F3 /* FavoriteButton.swift in Sources */ = {isa = PBXBuildFile; fileRef = 57694CC42C2CD08900E683F3 /* FavoriteButton.swift */; };
		57F882252C1A521A00ABE910 /* LandmarkRow.swift in Sources */ = {isa = PBXBuildFile; fileRef = 57F882242C1A521A00ABE910 /* LandmarkRow.swift */; };
		57F882272C1A556F00ABE910 /* LandmarkList.swift in Sources */ = {isa = PBXBuildFile; fileRef = 57F882262C1A556F00ABE910 /* LandmarkList.swift */; };
		57F882292C1A593F00ABE910 /* LandmarkDetail.swift in Sources */ = {isa = PBXBuildFile; fileRef = 57F882282C1A593F00ABE910 /* LandmarkDetail.swift */; };
/* End PBXBuildFile section */

/* Begin PBXFileReference section */
		5727010A2C151FC100F345E4 /* Landmarks.app */ = {isa = PBXFileReference; explicitFileType = wrapper.application; includeInIndex = 0; path = Landmarks.app; sourceTree = BUILT_PRODUCTS_DIR; };
		5727010D2C151FC100F345E4 /* LandmarksApp.swift */ = {isa = PBXFileReference; lastKnownFileType = sourcecode.swift; path = LandmarksApp.swift; sourceTree = "<group>"; };
		5727010F2C151FC100F345E4 /* ContentView.swift */ = {isa = PBXFileReference; lastKnownFileType = sourcecode.swift; path = ContentView.swift; sourceTree = "<group>"; };
		572701112C151FC200F345E4 /* Assets.xcassets */ = {isa = PBXFileReference; lastKnownFileType = folder.assetcatalog; path = Assets.xcassets; sourceTree = "<group>"; };
		572701142C151FC200F345E4 /* Preview Assets.xcassets */ = {isa = PBXFileReference; lastKnownFileType = folder.assetcatalog; path = "Preview Assets.xcassets"; sourceTree = "<group>"; };
		5727011E2C151FF700F345E4 /* landmarkData.json */ = {isa = PBXFileReference; fileEncoding = 4; lastKnownFileType = text.json; path = landmarkData.json; sourceTree = "<group>"; };
		572701202C15202100F345E4 /* CircleImage.swift */ = {isa = PBXFileReference; lastKnownFileType = sourcecode.swift; path = CircleImage.swift; sourceTree = "<group>"; };
		572701242C15204A00F345E4 /* MapView.swift */ = {isa = PBXFileReference; lastKnownFileType = sourcecode.swift; path = MapView.swift; sourceTree = "<group>"; };
		572701262C15234D00F345E4 /* ModelData.swift */ = {isa = PBXFileReference; lastKnownFileType = sourcecode.swift; path = ModelData.swift; sourceTree = "<group>"; };
		572701282C15259A00F345E4 /* Landmark.swift */ = {isa = PBXFileReference; lastKnownFileType = sourcecode.swift; path = Landmark.swift; sourceTree = "<group>"; };
		5743B0752C335E57004C38C6 /* CategoryHome.swift */ = {isa = PBXFileReference; lastKnownFileType = sourcecode.swift; path = CategoryHome.swift; sourceTree = "<group>"; };
		5743B0772C336533004C38C6 /* CategoryRow.swift */ = {isa = PBXFileReference; lastKnownFileType = sourcecode.swift; path = CategoryRow.swift; sourceTree = "<group>"; };
		5743B0792C336E36004C38C6 /* CategoryItem.swift */ = {isa = PBXFileReference; lastKnownFileType = sourcecode.swift; path = CategoryItem.swift; sourceTree = "<group>"; };
		57694CC42C2CD08900E683F3 /* FavoriteButton.swift */ = {isa = PBXFileReference; lastKnownFileType = sourcecode.swift; path = FavoriteButton.swift; sourceTree = "<group>"; };
		57F882242C1A521A00ABE910 /* LandmarkRow.swift */ = {isa = PBXFileReference; lastKnownFileType = sourcecode.swift; path = LandmarkRow.swift; sourceTree = "<group>"; };
		57F882262C1A556F00ABE910 /* LandmarkList.swift */ = {isa = PBXFileReference; lastKnownFileType = sourcecode.swift; path = LandmarkList.swift; sourceTree = "<group>"; };
		57F882282C1A593F00ABE910 /* LandmarkDetail.swift */ = {isa = PBXFileReference; lastKnownFileType = sourcecode.swift; path = LandmarkDetail.swift; sourceTree = "<group>"; };
/* End PBXFileReference section */

/* Begin PBXFrameworksBuildPhase section */
		572701072C151FC100F345E4 /* Frameworks */ = {
			isa = PBXFrameworksBuildPhase;
			buildActionMask = 2147483647;
			files = (
			);
			runOnlyForDeploymentPostprocessing = 0;
		};
/* End PBXFrameworksBuildPhase section */

/* Begin PBXGroup section */
		572701012C151FC100F345E4 = {
			isa = PBXGroup;
			children = (
				5727010C2C151FC100F345E4 /* Landmarks */,
				5727010B2C151FC100F345E4 /* Products */,
			);
			sourceTree = "<group>";
		};
		5727010B2C151FC100F345E4 /* Products */ = {
			isa = PBXGroup;
			children = (
				5727010A2C151FC100F345E4 /* Landmarks.app */,
			);
			name = Products;
			sourceTree = "<group>";
		};
		5727010C2C151FC100F345E4 /* Landmarks */ = {
			isa = PBXGroup;
			children = (
				5727011B2C151FCB00F345E4 /* Resources */,
				5743B0752C335E57004C38C6 /* CategoryHome.swift */,
				5743B0792C336E36004C38C6 /* CategoryItem.swift */,
				5743B0772C336533004C38C6 /* CategoryRow.swift */,
				572701202C15202100F345E4 /* CircleImage.swift */,
				5727010F2C151FC100F345E4 /* ContentView.swift */,
				57694CC42C2CD08900E683F3 /* FavoriteButton.swift */,
				572701242C15204A00F345E4 /* MapView.swift */,
				572701262C15234D00F345E4 /* ModelData.swift */,
				572701282C15259A00F345E4 /* Landmark.swift */,
				5727010D2C151FC100F345E4 /* LandmarksApp.swift */,
				57F882282C1A593F00ABE910 /* LandmarkDetail.swift */,
				57F882262C1A556F00ABE910 /* LandmarkList.swift */,
				57F882242C1A521A00ABE910 /* LandmarkRow.swift */,
				572701112C151FC200F345E4 /* Assets.xcassets */,
				572701132C151FC200F345E4 /* Preview Content */,
			);
			path = Landmarks;
			sourceTree = "<group>";
		};
		572701132C151FC200F345E4 /* Preview Content */ = {
			isa = PBXGroup;
			children = (
				572701142C151FC200F345E4 /* Preview Assets.xcassets */,
			);
			path = "Preview Content";
			sourceTree = "<group>";
		};
		5727011B2C151FCB00F345E4 /* Resources */ = {
			isa = PBXGroup;
			children = (
				5727011E2C151FF700F345E4 /* landmarkData.json */,
			);
			path = Resources;
			sourceTree = "<group>";
		};
/* End PBXGroup section */

/* Begin PBXNativeTarget section */
		572701092C151FC100F345E4 /* Landmarks */ = {
			isa = PBXNativeTarget;
			buildConfigurationList = 572701182C151FC200F345E4 /* Build configuration list for PBXNativeTarget "Landmarks" */;
			buildPhases = (
				572701062C151FC100F345E4 /* Sources */,
				572701072C151FC100F345E4 /* Frameworks */,
				572701082C151FC100F345E4 /* Resources */,
			);
			buildRules = (
			);
			dependencies = (
			);
			name = Landmarks;
			productName = Landmarks;
			productReference = 5727010A2C151FC100F345E4 /* Landmarks.app */;
			productType = "com.apple.product-type.application";
		};
/* End PBXNativeTarget section */

/* Begin PBXProject section */
		572701022C151FC100F345E4 /* Project object */ = {
			isa = PBXProject;
			attributes = {
				BuildIndependentTargetsInParallel = 1;
				LastSwiftUpdateCheck = 1540;
				LastUpgradeCheck = 1540;
				TargetAttributes = {
					572701092C151FC100F345E4 = {
						CreatedOnToolsVersion = 15.4;
					};
				};
			};
			buildConfigurationList = 572701052C151FC100F345E4 /* Build configuration list for PBXProject "Landmarks" */;
			compatibilityVersion = "Xcode 14.0";
			developmentRegion = en;
			hasScannedForEncodings = 0;
			knownRegions = (
				en,
				Base,
			);
			mainGroup = 572701012C151FC100F345E4;
			productRefGroup = 5727010B2C151FC100F345E4 /* Products */;
			projectDirPath = "";
			projectRoot = "";
			targets = (
				572701092C151FC100F345E4 /* Landmarks */,
			);
		};
/* End PBXProject section */

/* Begin PBXResourcesBuildPhase section */
		572701082C151FC100F345E4 /* Resources */ = {
			isa = PBXResourcesBuildPhase;
			buildActionMask = 2147483647;
			files = (
				572701152C151FC200F345E4 /* Preview Assets.xcassets in Resources */,
				572701122C151FC200F345E4 /* Assets.xcassets in Resources */,
				5727011F2C151FF700F345E4 /* landmarkData.json in Resources */,
			);
			runOnlyForDeploymentPostprocessing = 0;
		};
/* End PBXResourcesBuildPhase section */

/* Begin PBXSourcesBuildPhase section */
		572701062C151FC100F345E4 /* Sources */ = {
			isa = PBXSourcesBuildPhase;
			buildActionMask = 2147483647;
			files = (
				572701102C151FC100F345E4 /* ContentView.swift in Sources */,
				572701252C15204A00F345E4 /* MapView.swift in Sources */,
				572701272C15234D00F345E4 /* ModelData.swift in Sources */,
				57694CC52C2CD08900E683F3 /* FavoriteButton.swift in Sources */,
				5743B0762C335E57004C38C6 /* CategoryHome.swift in Sources */,
				57F882272C1A556F00ABE910 /* LandmarkList.swift in Sources */,
				5727010E2C151FC100F345E4 /* LandmarksApp.swift in Sources */,
				572701212C15202100F345E4 /* CircleImage.swift in Sources */,
				5743B07A2C336E36004C38C6 /* CategoryItem.swift in Sources */,
				57F882252C1A521A00ABE910 /* LandmarkRow.swift in Sources */,
				57F882292C1A593F00ABE910 /* LandmarkDetail.swift in Sources */,
				5743B0782C336533004C38C6 /* CategoryRow.swift in Sources */,
				572701292C15259A00F345E4 /* Landmark.swift in Sources */,
			);
			runOnlyForDeploymentPostprocessing = 0;
		};
/* End PBXSourcesBuildPhase section */

/* Begin XCBuildConfiguration section */
		572701162C151FC200F345E4 /* Debug */ = {
			isa = XCBuildConfiguration;
			buildSettings = {
				ALWAYS_SEARCH_USER_PATHS = NO;
				ASSETCATALOG_COMPILER_GENERATE_SWIFT_ASSET_SYMBOL_EXTENSIONS = YES;
				CLANG_ANALYZER_NONNULL = YES;
				CLANG_ANALYZER_NUMBER_OBJECT_CONVERSION = YES_AGGRESSIVE;
				CLANG_CXX_LANGUAGE_STANDARD = "gnu++20";
				CLANG_ENABLE_MODULES = YES;
				CLANG_ENABLE_OBJC_ARC = YES;
				CLANG_ENABLE_OBJC_WEAK = YES;
				CLANG_WARN_BLOCK_CAPTURE_AUTORELEASING = YES;
				CLANG_WARN_BOOL_CONVERSION = YES;
				CLANG_WARN_COMMA = YES;
				CLANG_WARN_CONSTANT_CONVERSION = YES;
				CLANG_WARN_DEPRECATED_OBJC_IMPLEMENTATIONS = YES;
				CLANG_WARN_DIRECT_OBJC_ISA_USAGE = YES_ERROR;
				CLANG_WARN_DOCUMENTATION_COMMENTS = YES;
				CLANG_WARN_EMPTY_BODY = YES;
				CLANG_WARN_ENUM_CONVERSION = YES;
				CLANG_WARN_INFINITE_RECURSION = YES;
				CLANG_WARN_INT_CONVERSION = YES;
				CLANG_WARN_NON_LITERAL_NULL_CONVERSION = YES;
				CLANG_WARN_OBJC_IMPLICIT_RETAIN_SELF = YES;
				CLANG_WARN_OBJC_LITERAL_CONVERSION = YES;
				CLANG_WARN_OBJC_ROOT_CLASS = YES_ERROR;
				CLANG_WARN_QUOTED_INCLUDE_IN_FRAMEWORK_HEADER = YES;
				CLANG_WARN_RANGE_LOOP_ANALYSIS = YES;
				CLANG_WARN_STRICT_PROTOTYPES = YES;
				CLANG_WARN_SUSPICIOUS_MOVE = YES;
				CLANG_WARN_UNGUARDED_AVAILABILITY = YES_AGGRESSIVE;
				CLANG_WARN_UNREACHABLE_CODE = YES;
				CLANG_WARN__DUPLICATE_METHOD_MATCH = YES;
				COPY_PHASE_STRIP = NO;
				DEBUG_INFORMATION_FORMAT = dwarf;
				ENABLE_STRICT_OBJC_MSGSEND = YES;
				ENABLE_TESTABILITY = YES;
				ENABLE_USER_SCRIPT_SANDBOXING = YES;
				GCC_C_LANGUAGE_STANDARD = gnu17;
				GCC_DYNAMIC_NO_PIC = NO;
				GCC_NO_COMMON_BLOCKS = YES;
				GCC_OPTIMIZATION_LEVEL = 0;
				GCC_PREPROCESSOR_DEFINITIONS = (
					"DEBUG=1",
					"$(inherited)",
				);
				GCC_WARN_64_TO_32_BIT_CONVERSION = YES;
				GCC_WARN_ABOUT_RETURN_TYPE = YES_ERROR;
				GCC_WARN_UNDECLARED_SELECTOR = YES;
				GCC_WARN_UNINITIALIZED_AUTOS = YES_AGGRESSIVE;
				GCC_WARN_UNUSED_FUNCTION = YES;
				GCC_WARN_UNUSED_VARIABLE = YES;
				IPHONEOS_DEPLOYMENT_TARGET = 17.5;
				LOCALIZATION_PREFERS_STRING_CATALOGS = YES;
				MTL_ENABLE_DEBUG_INFO = INCLUDE_SOURCE;
				MTL_FAST_MATH = YES;
				ONLY_ACTIVE_ARCH = YES;
				SDKROOT = iphoneos;
				SWIFT_ACTIVE_COMPILATION_CONDITIONS = "DEBUG $(inherited)";
				SWIFT_OPTIMIZATION_LEVEL = "-Onone";
			};
			name = Debug;
		};
		572701172C151FC200F345E4 /* Release */ = {
			isa = XCBuildConfiguration;
			buildSettings = {
				ALWAYS_SEARCH_USER_PATHS = NO;
				ASSETCATALOG_COMPILER_GENERATE_SWIFT_ASSET_SYMBOL_EXTENSIONS = YES;
				CLANG_ANALYZER_NONNULL = YES;
				CLANG_ANALYZER_NUMBER_OBJECT_CONVERSION = YES_AGGRESSIVE;
				CLANG_CXX_LANGUAGE_STANDARD = "gnu++20";
				CLANG_ENABLE_MODULES = YES;
				CLANG_ENABLE_OBJC_ARC = YES;
				CLANG_ENABLE_OBJC_WEAK = YES;
				CLANG_WARN_BLOCK_CAPTURE_AUTORELEASING = YES;
				CLANG_WARN_BOOL_CONVERSION = YES;
				CLANG_WARN_COMMA = YES;
				CLANG_WARN_CONSTANT_CONVERSION = YES;
				CLANG_WARN_DEPRECATED_OBJC_IMPLEMENTATIONS = YES;
				CLANG_WARN_DIRECT_OBJC_ISA_USAGE = YES_ERROR;
				CLANG_WARN_DOCUMENTATION_COMMENTS = YES;
				CLANG_WARN_EMPTY_BODY = YES;
				CLANG_WARN_ENUM_CONVERSION = YES;
				CLANG_WARN_INFINITE_RECURSION = YES;
				CLANG_WARN_INT_CONVERSION = YES;
				CLANG_WARN_NON_LITERAL_NULL_CONVERSION = YES;
				CLANG_WARN_OBJC_IMPLICIT_RETAIN_SELF = YES;
				CLANG_WARN_OBJC_LITERAL_CONVERSION = YES;
				CLANG_WARN_OBJC_ROOT_CLASS = YES_ERROR;
				CLANG_WARN_QUOTED_INCLUDE_IN_FRAMEWORK_HEADER = YES;
				CLANG_WARN_RANGE_LOOP_ANALYSIS = YES;
				CLANG_WARN_STRICT_PROTOTYPES = YES;
				CLANG_WARN_SUSPICIOUS_MOVE = YES;
				CLANG_WARN_UNGUARDED_AVAILABILITY = YES_AGGRESSIVE;
				CLANG_WARN_UNREACHABLE_CODE = YES;
				CLANG_WARN__DUPLICATE_METHOD_MATCH = YES;
				COPY_PHASE_STRIP = NO;
				DEBUG_INFORMATION_FORMAT = "dwarf-with-dsym";
				ENABLE_NS_ASSERTIONS = NO;
				ENABLE_STRICT_OBJC_MSGSEND = YES;
				ENABLE_USER_SCRIPT_SANDBOXING = YES;
				GCC_C_LANGUAGE_STANDARD = gnu17;
				GCC_NO_COMMON_BLOCKS = YES;
				GCC_WARN_64_TO_32_BIT_CONVERSION = YES;
				GCC_WARN_ABOUT_RETURN_TYPE = YES_ERROR;
				GCC_WARN_UNDECLARED_SELECTOR = YES;
				GCC_WARN_UNINITIALIZED_AUTOS = YES_AGGRESSIVE;
				GCC_WARN_UNUSED_FUNCTION = YES;
				GCC_WARN_UNUSED_VARIABLE = YES;
				IPHONEOS_DEPLOYMENT_TARGET = 17.5;
				LOCALIZATION_PREFERS_STRING_CATALOGS = YES;
				MTL_ENABLE_DEBUG_INFO = NO;
				MTL_FAST_MATH = YES;
				SDKROOT = iphoneos;
				SWIFT_COMPILATION_MODE = wholemodule;
				VALIDATE_PRODUCT = YES;
			};
			name = Release;
		};
		572701192C151FC200F345E4 /* Debug */ = {
			isa = XCBuildConfiguration;
			buildSettings = {
				ASSETCATALOG_COMPILER_APPICON_NAME = AppIcon;
				ASSETCATALOG_COMPILER_GLOBAL_ACCENT_COLOR_NAME = AccentColor;
				CODE_SIGN_STYLE = Automatic;
				CURRENT_PROJECT_VERSION = 1;
				DEVELOPMENT_ASSET_PATHS = "\"Landmarks/Preview Content\"";
				ENABLE_PREVIEWS = YES;
				GENERATE_INFOPLIST_FILE = YES;
				INFOPLIST_KEY_UIApplicationSceneManifest_Generation = YES;
				INFOPLIST_KEY_UIApplicationSupportsIndirectInputEvents = YES;
				INFOPLIST_KEY_UILaunchScreen_Generation = YES;
				INFOPLIST_KEY_UISupportedInterfaceOrientations_iPad = "UIInterfaceOrientationPortrait UIInterfaceOrientationPortraitUpsideDown UIInterfaceOrientationLandscapeLeft UIInterfaceOrientationLandscapeRight";
				INFOPLIST_KEY_UISupportedInterfaceOrientations_iPhone = "UIInterfaceOrientationPortrait UIInterfaceOrientationLandscapeLeft UIInterfaceOrientationLandscapeRight";
				LD_RUNPATH_SEARCH_PATHS = (
					"$(inherited)",
					"@executable_path/Frameworks",
				);
				MARKETING_VERSION = 1.0;
				PRODUCT_BUNDLE_IDENTIFIER = CS4540.Landmarks;
				PRODUCT_NAME = "$(TARGET_NAME)";
				SWIFT_EMIT_LOC_STRINGS = YES;
				SWIFT_VERSION = 5.0;
				TARGETED_DEVICE_FAMILY = "1,2";
			};
			name = Debug;
		};
		5727011A2C151FC200F345E4 /* Release */ = {
			isa = XCBuildConfiguration;
			buildSettings = {
				ASSETCATALOG_COMPILER_APPICON_NAME = AppIcon;
				ASSETCATALOG_COMPILER_GLOBAL_ACCENT_COLOR_NAME = AccentColor;
				CODE_SIGN_STYLE = Automatic;
				CURRENT_PROJECT_VERSION = 1;
				DEVELOPMENT_ASSET_PATHS = "\"Landmarks/Preview Content\"";
				ENABLE_PREVIEWS = YES;
				GENERATE_INFOPLIST_FILE = YES;
				INFOPLIST_KEY_UIApplicationSceneManifest_Generation = YES;
				INFOPLIST_KEY_UIApplicationSupportsIndirectInputEvents = YES;
				INFOPLIST_KEY_UILaunchScreen_Generation = YES;
				INFOPLIST_KEY_UISupportedInterfaceOrientations_iPad = "UIInterfaceOrientationPortrait UIInterfaceOrientationPortraitUpsideDown UIInterfaceOrientationLandscapeLeft UIInterfaceOrientationLandscapeRight";
				INFOPLIST_KEY_UISupportedInterfaceOrientations_iPhone = "UIInterfaceOrientationPortrait UIInterfaceOrientationLandscapeLeft UIInterfaceOrientationLandscapeRight";
				LD_RUNPATH_SEARCH_PATHS = (
					"$(inherited)",
					"@executable_path/Frameworks",
				);
				MARKETING_VERSION = 1.0;
				PRODUCT_BUNDLE_IDENTIFIER = CS4540.Landmarks;
				PRODUCT_NAME = "$(TARGET_NAME)";
				SWIFT_EMIT_LOC_STRINGS = YES;
				SWIFT_VERSION = 5.0;
				TARGETED_DEVICE_FAMILY = "1,2";
			};
			name = Release;
		};
/* End XCBuildConfiguration section */

/* Begin XCConfigurationList section */
		572701052C151FC100F345E4 /* Build configuration list for PBXProject "Landmarks" */ = {
			isa = XCConfigurationList;
			buildConfigurations = (
				572701162C151FC200F345E4 /* Debug */,
				572701172C151FC200F345E4 /* Release */,
			);
			defaultConfigurationIsVisible = 0;
			defaultConfigurationName = Release;
		};
		572701182C151FC200F345E4 /* Build configuration list for PBXNativeTarget "Landmarks" */ = {
			isa = XCConfigurationList;
			buildConfigurations = (
				572701192C151FC200F345E4 /* Debug */,
				5727011A2C151FC200F345E4 /* Release */,
			);
			defaultConfigurationIsVisible = 0;
			defaultConfigurationName = Release;
		};
/* End XCConfigurationList section */
	};
	rootObject = 572701022C151FC100F345E4 /* Project object */;
}
